<Solution>
  <Folder Name="/Task0/">
    <Project Path="Tyuiu.IvashkinLA.Sprint0.Task0.V0/Tyuiu.IvashkinLA.Sprint0.Task0.V0.csproj" Id="e1c9f7d4-f16c-4280-a098-58341068a51e" />
  </Folder>
  <Folder Name="/Task1/">
    <Project Path="Tyuiu.IvashkinLA.Sprint0.Task1.V0/Tyuiu.IvashkinLA.Sprint0.Task1.V0.csproj" Id="38fdc399-c817-4811-82b3-7f87399e0c13" />
  </Folder>
  <Folder Name="/Task2/">
    <Project Path="Tyuiu.IvashkinLA.Sprint0.Task2.V0.Lib/Tyuiu.IvashkinLA.Sprint0.Task2.V0.Lib.csproj" Id="f3bc9416-b219-4208-921c-e5694376af23" />
    <Project Path="Tyuiu.IvashkinLA.Sprint0.Task2.V0.Test/Tyuiu.IvashkinLA.Sprint0.Task2.V0.Test.csproj" Id="727c2266-279f-4df7-acb9-5e6a1cecb750" />
    <Project Path="Tyuiu.IvashkinLA.Sprint0.Task2.V0/Tyuiu.IvashkinLA.Sprint0.Task2.V0.csproj" Id="3d98d73b-ff08-453d-b0cd-d0fb1fdf1a5f" />
  </Folder>
  <Folder Name="/Task3/">
    <Project Path="Tyuiu.IvashkinLA.Sprint0.Task3.V0.Lib/Tyuiu.IvashkinLA.Sprint0.Task3.V0.Lib.csproj" Id="b9dcc479-1729-4a1f-ab73-5f507f057c59" />
    <Project Path="Tyuiu.IvashkinLA.Sprint0.Task3.V0.Test/Tyuiu.IvashkinLA.Sprint0.Task3.V0.Test.csproj" Id="249b3f26-98be-4ad8-bfc7-ba07dc42a926" />
    <Project Path="Tyuiu.IvashkinLA.Sprint0.Task3.V0/Tyuiu.IvashkinLA.Sprint0.Task3.V0.csproj" Id="36e1c070-caa0-491f-ad79-48a146bdd4c2" />
  </Folder>
  <Folder Name="/Task4/">
    <Project Path="Tyuiu.IvashkinLA.Sprint0.Task4.V0.Lib/Tyuiu.IvashkinLA.Sprint0.Task4.V0.Lib.csproj" Id="5cd99b9d-7bda-4cee-aa04-511766f6b8c3" />
    <Project Path="Tyuiu.IvashkinLA.Sprint0.Task4.V0.Test/Tyuiu.IvashkinLA.Sprint0.Task4.V0.Test.csproj" Id="52438117-97e6-46c8-82de-3102a5ce1263" />
    <Project Path="Tyuiu.IvashkinLA.Sprint0.Task4.V0/Tyuiu.IvashkinLA.Sprint0.Task4.V0.csproj" Id="b95116af-28a5-4639-89fe-37c5f7f74097" />
  </Folder>
  <Folder Name="/Task5/">
    <Project Path="Tyuiu.IvashkinLA.Sprint0.Task5.V0.Lib/Tyuiu.IvashkinLA.Sprint0.Task5.V0.Lib.csproj" Id="6e354cc0-aeac-4ab5-b016-c13b4bf97366" />
    <Project Path="Tyuiu.IvashkinLA.Sprint0.Task5.V0.Test/Tyuiu.IvashkinLA.Sprint0.Task5.V0.Test.csproj" Id="8bcb7523-3a7a-4ed1-a659-3838133bfa5a" />
    <Project Path="Tyuiu.IvashkinLA.Sprint0.Task5.V0/Tyuiu.IvashkinLA.Sprint0.Task5.V0.csproj" Id="18743750-542e-4915-ae56-61ecd0da72e6" />
  </Folder>
</Solution>
